
Microsoft Visual Studio Solution File, Format Version 12.00
# Visual Studio Version 16
VisualStudioVersion = 16.0.810.16
MinimumVisualStudioVersion = 10.0.40219.1
Project("{FAE04EC0-301F-11D3-BF4B-00C04F79EFBC}") = "HepsiSuradav2", "HepsiSuradav2\HepsiSuradav2.csproj", "{9677B3ED-3F59-4956-A42F-74D4ED5A1992}"
EndProject
Project("{FAE04EC0-301F-11D3-BF4B-00C04F79EFBC}") = "HepsiSurada.Business", "HepsiSurada.Business\HepsiSurada.Business.csproj", "{E69DAADD-DE06-4517-B8FD-CD46788B1CAF}"
EndProject
Project("{FAE04EC0-301F-11D3-BF4B-00C04F79EFBC}") = "HepsiSurada.Model", "HepsiSurada.Model\HepsiSurada.Model.csproj", "{47D7556B-E220-4A8F-B2BE-E2D9E58479F3}"
EndProject
Project("{FAE04EC0-301F-11D3-BF4B-00C04F79EFBC}") = "Infrastructure", "Infrastructure\Infrastructure.csproj", "{9686E6BD-700C-4842-8E36-A63C6B2595D8}"
EndProject
Project("{FAE04EC0-301F-11D3-BF4B-00C04F79EFBC}") = "HepsiSurada.DataAccess", "HepsiSurada.DataAccess\HepsiSurada.DataAccess.csproj", "{A472DA1F-9DC4-495E-AA26-F9B74653779A}"
EndProject
Global
	GlobalSection(SolutionConfigurationPlatforms) = preSolution
		Debug|Any CPU = Debug|Any CPU
		Release|Any CPU = Release|Any CPU
	EndGlobalSection
	GlobalSection(ProjectConfigurationPlatforms) = postSolution
		{9677B3ED-3F59-4956-A42F-74D4ED5A1992}.Debug|Any CPU.ActiveCfg = Debug|Any CPU
		{9677B3ED-3F59-4956-A42F-74D4ED5A1992}.Debug|Any CPU.Build.0 = Debug|Any CPU
		{9677B3ED-3F59-4956-A42F-74D4ED5A1992}.Release|Any CPU.ActiveCfg = Release|Any CPU
		{9677B3ED-3F59-4956-A42F-74D4ED5A1992}.Release|Any CPU.Build.0 = Release|Any CPU
		{E69DAADD-DE06-4517-B8FD-CD46788B1CAF}.Debug|Any CPU.ActiveCfg = Debug|Any CPU
		{E69DAADD-DE06-4517-B8FD-CD46788B1CAF}.Debug|Any CPU.Build.0 = Debug|Any CPU
		{E69DAADD-DE06-4517-B8FD-CD46788B1CAF}.Release|Any CPU.ActiveCfg = Release|Any CPU
		{E69DAADD-DE06-4517-B8FD-CD46788B1CAF}.Release|Any CPU.Build.0 = Release|Any CPU
		{47D7556B-E220-4A8F-B2BE-E2D9E58479F3}.Debug|Any CPU.ActiveCfg = Debug|Any CPU
		{47D7556B-E220-4A8F-B2BE-E2D9E58479F3}.Debug|Any CPU.Build.0 = Debug|Any CPU
		{47D7556B-E220-4A8F-B2BE-E2D9E58479F3}.Release|Any CPU.ActiveCfg = Release|Any CPU
		{47D7556B-E220-4A8F-B2BE-E2D9E58479F3}.Release|Any CPU.Build.0 = Release|Any CPU
		{9686E6BD-700C-4842-8E36-A63C6B2595D8}.Debug|Any CPU.ActiveCfg = Debug|Any CPU
		{9686E6BD-700C-4842-8E36-A63C6B2595D8}.Debug|Any CPU.Build.0 = Debug|Any CPU
		{9686E6BD-700C-4842-8E36-A63C6B2595D8}.Release|Any CPU.ActiveCfg = Release|Any CPU
		{9686E6BD-700C-4842-8E36-A63C6B2595D8}.Release|Any CPU.Build.0 = Release|Any CPU
		{A472DA1F-9DC4-495E-AA26-F9B74653779A}.Debug|Any CPU.ActiveCfg = Debug|Any CPU
		{A472DA1F-9DC4-495E-AA26-F9B74653779A}.Debug|Any CPU.Build.0 = Debug|Any CPU
		{A472DA1F-9DC4-495E-AA26-F9B74653779A}.Release|Any CPU.ActiveCfg = Release|Any CPU
		{A472DA1F-9DC4-495E-AA26-F9B74653779A}.Release|Any CPU.Build.0 = Release|Any CPU
	EndGlobalSection
	GlobalSection(SolutionProperties) = preSolution
		HideSolutionNode = FALSE
	EndGlobalSection
	GlobalSection(ExtensibilityGlobals) = postSolution
		SolutionGuid = {21EB51EF-E1D9-4F5D-82EC-4A3A15265A3A}
	EndGlobalSection
EndGlobal
